// !$*UTF8*$!
{
	archiveVersion = 1;
	classes = {
	};
	objectVersion = 56;
	objects = {

/* Begin PBXBuildFile section */
		A1001001 /* RateMateApp.swift in Sources */ = {isa = PBXBuildFile; fileRef = A1001000 /* RateMateApp.swift */; };
		A1001002 /* StatusBarController.swift in Sources */ = {isa = PBXBuildFile; fileRef = A1001003 /* StatusBarController.swift */; };
		A1001004 /* RateView.swift in Sources */ = {isa = PBXBuildFile; fileRef = A1001005 /* RateView.swift */; };
		A1001006 /* CoreAudioDevice.swift in Sources */ = {isa = PBXBuildFile; fileRef = A1001007 /* CoreAudioDevice.swift */; };
		A1001008 /* OSLogMusicReader.swift in Sources */ = {isa = PBXBuildFile; fileRef = A1001009 /* OSLogMusicReader.swift */; };
		A1001010 /* RateManager.swift in Sources */ = {isa = PBXBuildFile; fileRef = A1001011 /* RateManager.swift */; };
		A1001012 /* PermissionManager.swift in Sources */ = {isa = PBXBuildFile; fileRef = A1001013 /* PermissionManager.swift */; };
		A1001014 /* Preferences.swift in Sources */ = {isa = PBXBuildFile; fileRef = A1001015 /* Preferences.swift */; };
		A1001016 /* MusicTrackInfo.swift in Sources */ = {isa = PBXBuildFile; fileRef = A1001017 /* MusicTrackInfo.swift */; };
		A1001018 /* ScrollingText.swift in Sources */ = {isa = PBXBuildFile; fileRef = A1001019 /* ScrollingText.swift */; };
		A1001021 /* AppleMusicHelper.swift in Sources */ = {isa = PBXBuildFile; fileRef = A1001022 /* AppleMusicHelper.swift */; };
/* End PBXBuildFile section */

/* Begin PBXFileReference section */
		A1000001 /* RateMate.app */ = {isa = PBXFileReference; explicitFileType = wrapper.application; includeInIndex = 0; path = RateMate.app; sourceTree = BUILT_PRODUCTS_DIR; };
		A1001000 /* RateMateApp.swift */ = {isa = PBXFileReference; lastKnownFileType = sourcecode.swift; path = RateMateApp.swift; sourceTree = "<group>"; };
		A1001003 /* StatusBarController.swift */ = {isa = PBXFileReference; lastKnownFileType = sourcecode.swift; path = StatusBarController.swift; sourceTree = "<group>"; };
		A1001005 /* RateView.swift */ = {isa = PBXFileReference; lastKnownFileType = sourcecode.swift; path = RateView.swift; sourceTree = "<group>"; };
		A1001007 /* CoreAudioDevice.swift */ = {isa = PBXFileReference; lastKnownFileType = sourcecode.swift; path = CoreAudioDevice.swift; sourceTree = "<group>"; };
		A1001009 /* OSLogMusicReader.swift */ = {isa = PBXFileReference; lastKnownFileType = sourcecode.swift; path = OSLogMusicReader.swift; sourceTree = "<group>"; };
		A1001011 /* RateManager.swift */ = {isa = PBXFileReference; lastKnownFileType = sourcecode.swift; path = RateManager.swift; sourceTree = "<group>"; };
		A1001013 /* PermissionManager.swift */ = {isa = PBXFileReference; lastKnownFileType = sourcecode.swift; path = PermissionManager.swift; sourceTree = "<group>"; };
		A1001015 /* Preferences.swift */ = {isa = PBXFileReference; lastKnownFileType = sourcecode.swift; path = Preferences.swift; sourceTree = "<group>"; };
		A1001017 /* MusicTrackInfo.swift */ = {isa = PBXFileReference; lastKnownFileType = sourcecode.swift; path = MusicTrackInfo.swift; sourceTree = "<group>"; };
		A1001019 /* ScrollingText.swift */ = {isa = PBXFileReference; lastKnownFileType = sourcecode.swift; path = ScrollingText.swift; sourceTree = "<group>"; };
		A1001022 /* AppleMusicHelper.swift */ = {isa = PBXFileReference; lastKnownFileType = sourcecode.swift; path = AppleMusicHelper.swift; sourceTree = "<group>"; };
		A1001020 /* Info.plist */ = {isa = PBXFileReference; lastKnownFileType = text.plist.xml; path = Info.plist; sourceTree = "<group>"; };
/* End PBXFileReference section */

/* Begin PBXFrameworksBuildPhase section */
		A1000002 /* Frameworks */ = {
			isa = PBXFrameworksBuildPhase;
			buildActionMask = 2147483647;
			files = (
			);
			runOnlyForDeploymentPostprocessing = 0;
		};
/* End PBXFrameworksBuildPhase section */

/* Begin PBXGroup section */
		A1000003 = {
			isa = PBXGroup;
			children = (
				A1000004 /* RateMate */,
				A1000005 /* Products */,
			);
			sourceTree = "<group>";
		};
		A1000004 /* RateMate */ = {
			isa = PBXGroup;
			children = (
				A1001000 /* RateMateApp.swift */,
				A1001020 /* Info.plist */,
				A1001100 /* Views */,
				A1001200 /* Services */,
				A1001300 /* Controllers */,
				A1001400 /* Models */,
			);
			path = RateMate;
			sourceTree = "<group>";
		};
		A1000005 /* Products */ = {
			isa = PBXGroup;
			children = (
				A1000001 /* RateMate.app */,
			);
			name = Products;
			sourceTree = "<group>";
		};
		A1001100 /* Views */ = {
			isa = PBXGroup;
			children = (
				A1001003 /* StatusBarController.swift */,
				A1001005 /* RateView.swift */,
				A1001019 /* ScrollingText.swift */,
			);
			path = Views;
			sourceTree = "<group>";
		};
		A1001200 /* Services */ = {
			isa = PBXGroup;
			children = (
				A1001007 /* CoreAudioDevice.swift */,
				A1001009 /* OSLogMusicReader.swift */,
				A1001022 /* AppleMusicHelper.swift */,
			);
			path = Services;
			sourceTree = "<group>";
		};
		A1001300 /* Controllers */ = {
			isa = PBXGroup;
			children = (
				A1001011 /* RateManager.swift */,
				A1001013 /* PermissionManager.swift */,
			);
			path = Controllers;
			sourceTree = "<group>";
		};
		A1001400 /* Models */ = {
			isa = PBXGroup;
			children = (
				A1001015 /* Preferences.swift */,
				A1001017 /* MusicTrackInfo.swift */,
			);
			path = Models;
			sourceTree = "<group>";
		};
/* End PBXGroup section */

/* Begin PBXNativeTarget section */
		A1000000 /* RateMate */ = {
			isa = PBXNativeTarget;
			buildConfigurationList = A1000010 /* Build configuration list for PBXNativeTarget "RateMate" */;
			buildPhases = (
				A1000006 /* Sources */,
				A1000002 /* Frameworks */,
				A1000007 /* Resources */,
			);
			buildRules = (
			);
			dependencies = (
			);
			name = RateMate;
			productName = RateMate;
			productReference = A1000001 /* RateMate.app */;
			productType = "com.apple.product-type.application";
		};
/* End PBXNativeTarget section */

/* Begin PBXProject section */
		A1000008 /* Project object */ = {
			isa = PBXProject;
			attributes = {
				BuildIndependentTargetsInParallel = 1;
				LastSwiftUpdateCheck = 1500;
				LastUpgradeCheck = 1500;
				TargetAttributes = {
					A1000000 = {
						CreatedOnToolsVersion = 15.0;
					};
				};
			};
			buildConfigurationList = A1000009 /* Build configuration list for PBXProject "RateMate" */;
			compatibilityVersion = "Xcode 14.0";
			developmentRegion = en;
			hasScannedForEncodings = 0;
			knownRegions = (
				en,
				Base,
			);
			mainGroup = A1000003;
			productRefGroup = A1000005 /* Products */;
			projectDirPath = "";
			projectRoot = "";
			targets = (
				A1000000 /* RateMate */,
			);
		};
/* End PBXProject section */

/* Begin PBXResourcesBuildPhase section */
		A1000007 /* Resources */ = {
			isa = PBXResourcesBuildPhase;
			buildActionMask = 2147483647;
			files = (
			);
			runOnlyForDeploymentPostprocessing = 0;
		};
/* End PBXResourcesBuildPhase section */

/* Begin PBXSourcesBuildPhase section */
		A1000006 /* Sources */ = {
			isa = PBXSourcesBuildPhase;
			buildActionMask = 2147483647;
			files = (
				A1001001 /* RateMateApp.swift in Sources */,
				A1001002 /* StatusBarController.swift in Sources */,
				A1001004 /* RateView.swift in Sources */,
				A1001006 /* CoreAudioDevice.swift in Sources */,
				A1001008 /* OSLogMusicReader.swift in Sources */,
				A1001010 /* RateManager.swift in Sources */,
				A1001012 /* PermissionManager.swift in Sources */,
				A1001014 /* Preferences.swift in Sources */,
				A1001016 /* MusicTrackInfo.swift in Sources */,
				A1001018 /* ScrollingText.swift in Sources */,
				A1001021 /* AppleMusicHelper.swift in Sources */,
			);
			runOnlyForDeploymentPostprocessing = 0;
		};
/* End PBXSourcesBuildPhase section */

/* Begin XCBuildConfiguration section */
		A1000011 /* Debug */ = {
			isa = XCBuildConfiguration;
			buildSettings = {
				ALWAYS_SEARCH_USER_PATHS = NO;
				ASSETCATALOG_COMPILER_GENERATE_SWIFT_ASSET_SYMBOL_EXTENSIONS = YES;
				CLANG_ANALYZER_NONNULL = YES;
				CLANG_ANALYZER_NUMBER_OBJECT_CONVERSION = YES_AGGRESSIVE;
				CLANG_CXX_LANGUAGE_STANDARD = "gnu++20";
				CLANG_ENABLE_MODULES = YES;
				CLANG_ENABLE_OBJC_ARC = YES;
				CLANG_ENABLE_OBJC_WEAK = YES;
				CLANG_WARN_BLOCK_CAPTURE_AUTORELEASING = YES;
				CLANG_WARN_BOOL_CONVERSION = YES;
				CLANG_WARN_COMMA = YES;
				CLANG_WARN_CONSTANT_CONVERSION = YES;
				CLANG_WARN_DEPRECATED_OBJC_IMPLEMENTATIONS = YES;
				CLANG_WARN_DIRECT_OBJC_ISA_USAGE = YES_ERROR;
				CLANG_WARN_DOCUMENTATION_COMMENTS = YES;
				CLANG_WARN_EMPTY_BODY = YES;
				CLANG_WARN_ENUM_CONVERSION = YES;
				CLANG_WARN_INFINITE_RECURSION = YES;
				CLANG_WARN_INT_CONVERSION = YES;
				CLANG_WARN_NON_LITERAL_NULL_CONVERSION = YES;
				CLANG_WARN_OBJC_IMPLICIT_RETAIN_SELF = YES;
				CLANG_WARN_OBJC_LITERAL_CONVERSION = YES;
				CLANG_WARN_OBJC_ROOT_CLASS = YES_ERROR;
				CLANG_WARN_QUOTED_INCLUDE_IN_FRAMEWORK_HEADER = YES;
				CLANG_WARN_RANGE_LOOP_ANALYSIS = YES;
				CLANG_WARN_STRICT_PROTOTYPES = YES;
				CLANG_WARN_SUSPICIOUS_MOVE = YES;
				CLANG_WARN_UNGUARDED_AVAILABILITY = YES_AGGRESSIVE;
				CLANG_WARN_UNREACHABLE_CODE = YES;
				CLANG_WARN__DUPLICATE_METHOD_MATCH = YES;
				COPY_PHASE_STRIP = NO;
				DEBUG_INFORMATION_FORMAT = dwarf;
				ENABLE_STRICT_OBJC_MSGSEND = YES;
				ENABLE_TESTABILITY = YES;
				ENABLE_USER_SCRIPT_SANDBOXING = YES;
				GCC_C_LANGUAGE_STANDARD = gnu17;
				GCC_DYNAMIC_NO_PIC = NO;
				GCC_NO_COMMON_BLOCKS = YES;
				GCC_OPTIMIZATION_LEVEL = 0;
				GCC_PREPROCESSOR_DEFINITIONS = (
					"DEBUG=1",
					"$(inherited)",
				);
				GCC_WARN_64_TO_32_BIT_CONVERSION = YES;
				GCC_WARN_ABOUT_RETURN_TYPE = YES_ERROR;
				GCC_WARN_UNDECLARED_SELECTOR = YES;
				GCC_WARN_UNINITIALIZED_AUTOS = YES_AGGRESSIVE;
				GCC_WARN_UNUSED_FUNCTION = YES;
				GCC_WARN_UNUSED_VARIABLE = YES;
				LOCALIZATION_PREFERS_STRING_CATALOGS = YES;
				MACOSX_DEPLOYMENT_TARGET = 14.0;
				MTL_ENABLE_DEBUG_INFO = INCLUDE_SOURCE;
				MTL_FAST_MATH = YES;
				ONLY_ACTIVE_ARCH = YES;
				SDKROOT = macosx;
				SWIFT_ACTIVE_COMPILATION_CONDITIONS = "DEBUG $(inherited)";
				SWIFT_OPTIMIZATION_LEVEL = "-Onone";
			};
			name = Debug;
		};
		A1000012 /* Release */ = {
			isa = XCBuildConfiguration;
			buildSettings = {
				ALWAYS_SEARCH_USER_PATHS = NO;
				ASSETCATALOG_COMPILER_GENERATE_SWIFT_ASSET_SYMBOL_EXTENSIONS = YES;
				CLANG_ANALYZER_NONNULL = YES;
				CLANG_ANALYZER_NUMBER_OBJECT_CONVERSION = YES_AGGRESSIVE;
				CLANG_CXX_LANGUAGE_STANDARD = "gnu++20";
				CLANG_ENABLE_MODULES = YES;
				CLANG_ENABLE_OBJC_ARC = YES;
				CLANG_ENABLE_OBJC_WEAK = YES;
				CLANG_WARN_BLOCK_CAPTURE_AUTORELEASING = YES;
				CLANG_WARN_BOOL_CONVERSION = YES;
				CLANG_WARN_COMMA = YES;
				CLANG_WARN_CONSTANT_CONVERSION = YES;
				CLANG_WARN_DEPRECATED_OBJC_IMPLEMENTATIONS = YES;
				CLANG_WARN_DIRECT_OBJC_ISA_USAGE = YES_ERROR;
				CLANG_WARN_DOCUMENTATION_COMMENTS = YES;
				CLANG_WARN_EMPTY_BODY = YES;
				CLANG_WARN_ENUM_CONVERSION = YES;
				CLANG_WARN_INFINITE_RECURSION = YES;
				CLANG_WARN_INT_CONVERSION = YES;
				CLANG_WARN_NON_LITERAL_NULL_CONVERSION = YES;
				CLANG_WARN_OBJC_IMPLICIT_RETAIN_SELF = YES;
				CLANG_WARN_OBJC_LITERAL_CONVERSION = YES;
				CLANG_WARN_OBJC_ROOT_CLASS = YES_ERROR;
				CLANG_WARN_QUOTED_INCLUDE_IN_FRAMEWORK_HEADER = YES;
				CLANG_WARN_RANGE_LOOP_ANALYSIS = YES;
				CLANG_WARN_STRICT_PROTOTYPES = YES;
				CLANG_WARN_SUSPICIOUS_MOVE = YES;
				CLANG_WARN_UNGUARDED_AVAILABILITY = YES_AGGRESSIVE;
				CLANG_WARN_UNREACHABLE_CODE = YES;
				CLANG_WARN__DUPLICATE_METHOD_MATCH = YES;
				COPY_PHASE_STRIP = NO;
				DEBUG_INFORMATION_FORMAT = "dwarf-with-dsym";
				ENABLE_NS_ASSERTIONS = NO;
				ENABLE_STRICT_OBJC_MSGSEND = YES;
				ENABLE_USER_SCRIPT_SANDBOXING = YES;
				GCC_C_LANGUAGE_STANDARD = gnu17;
				GCC_NO_COMMON_BLOCKS = YES;
				GCC_WARN_64_TO_32_BIT_CONVERSION = YES;
				GCC_WARN_ABOUT_RETURN_TYPE = YES_ERROR;
				GCC_WARN_UNDECLARED_SELECTOR = YES;
				GCC_WARN_UNINITIALIZED_AUTOS = YES_AGGRESSIVE;
				GCC_WARN_UNUSED_FUNCTION = YES;
				GCC_WARN_UNUSED_VARIABLE = YES;
				LOCALIZATION_PREFERS_STRING_CATALOGS = YES;
				MACOSX_DEPLOYMENT_TARGET = 14.0;
				MTL_ENABLE_DEBUG_INFO = NO;
				MTL_FAST_MATH = YES;
				SDKROOT = macosx;
				SWIFT_COMPILATION_MODE = wholemodule;
			};
			name = Release;
		};
		A1000013 /* Debug */ = {
			isa = XCBuildConfiguration;
			buildSettings = {
				ASSETCATALOG_COMPILER_APPICON_NAME = AppIcon;
				ASSETCATALOG_COMPILER_GLOBAL_ACCENT_COLOR_NAME = AccentColor;
				CODE_SIGN_STYLE = Automatic;
				COMBINE_HIDPI_IMAGES = YES;
				CURRENT_PROJECT_VERSION = 1;
				DEVELOPMENT_TEAM = "";
				ENABLE_HARDENED_RUNTIME = YES;
				ENABLE_PREVIEWS = YES;
				GENERATE_INFOPLIST_FILE = NO;
				INFOPLIST_FILE = RateMate/Info.plist;
				INFOPLIST_KEY_NSHumanReadableCopyright = "";
				LD_RUNPATH_SEARCH_PATHS = (
					"$(inherited)",
					"@executable_path/../Frameworks",
				);
				MARKETING_VERSION = 1.0;
				PRODUCT_BUNDLE_IDENTIFIER = com.example.ratemate;
				PRODUCT_NAME = "$(TARGET_NAME)";
				SWIFT_EMIT_LOC_STRINGS = YES;
				SWIFT_VERSION = 5.0;
			};
			name = Debug;
		};
		A1000014 /* Release */ = {
			isa = XCBuildConfiguration;
			buildSettings = {
				ASSETCATALOG_COMPILER_APPICON_NAME = AppIcon;
				ASSETCATALOG_COMPILER_GLOBAL_ACCENT_COLOR_NAME = AccentColor;
				CODE_SIGN_STYLE = Automatic;
				COMBINE_HIDPI_IMAGES = YES;
				CURRENT_PROJECT_VERSION = 1;
				DEVELOPMENT_TEAM = "";
				ENABLE_HARDENED_RUNTIME = YES;
				ENABLE_PREVIEWS = YES;
				GENERATE_INFOPLIST_FILE = NO;
				INFOPLIST_FILE = RateMate/Info.plist;
				INFOPLIST_KEY_NSHumanReadableCopyright = "";
				LD_RUNPATH_SEARCH_PATHS = (
					"$(inherited)",
					"@executable_path/../Frameworks",
				);
				MARKETING_VERSION = 1.0;
				PRODUCT_BUNDLE_IDENTIFIER = com.example.ratemate;
				PRODUCT_NAME = "$(TARGET_NAME)";
				SWIFT_EMIT_LOC_STRINGS = YES;
				SWIFT_VERSION = 5.0;
			};
			name = Release;
		};
/* End XCBuildConfiguration section */

/* Begin XCConfigurationList section */
		A1000009 /* Build configuration list for PBXProject "RateMate" */ = {
			isa = XCConfigurationList;
			buildConfigurations = (
				A1000011 /* Debug */,
				A1000012 /* Release */,
			);
			defaultConfigurationIsVisible = 0;
			defaultConfigurationName = Release;
		};
		A1000010 /* Build configuration list for PBXNativeTarget "RateMate" */ = {
			isa = XCConfigurationList;
			buildConfigurations = (
				A1000013 /* Debug */,
				A1000014 /* Release */,
			);
			defaultConfigurationIsVisible = 0;
			defaultConfigurationName = Release;
		};
/* End XCConfigurationList section */
	};
	rootObject = A1000008 /* Project object */;
}